// !$*UTF8*$!
{
	archiveVersion = 1;
	classes = {
	};
	objectVersion = 50;
	objects = {

/* Begin PBXBuildFile section */
		4414F6B7216C434900759D4B /* WeatherDetailHeaderView.swift in Sources */ = {isa = PBXBuildFile; fileRef = 4414F6B5216C434900759D4B /* WeatherDetailHeaderView.swift */; };
		4414F6B8216C434900759D4B /* WeatherDetailHeaderView.xib in Resources */ = {isa = PBXBuildFile; fileRef = 4414F6B6216C434900759D4B /* WeatherDetailHeaderView.xib */; };
		44F9DDE421547E0400057773 /* Strings.swift in Sources */ = {isa = PBXBuildFile; fileRef = 44F9DDE321547E0400057773 /* Strings.swift */; };
		DB2A3900214884A60094412E /* WeatherDetailsVC.swift in Sources */ = {isa = PBXBuildFile; fileRef = DB2A38FE214884A60094412E /* WeatherDetailsVC.swift */; };
		DB2A3901214884A60094412E /* WeatherDetailsVC.xib in Resources */ = {isa = PBXBuildFile; fileRef = DB2A38FF214884A60094412E /* WeatherDetailsVC.xib */; };
		DB2A3904214884BD0094412E /* SearchVC.swift in Sources */ = {isa = PBXBuildFile; fileRef = DB2A3902214884BD0094412E /* SearchVC.swift */; };
		DB2A390921488A770094412E /* WelcomeVC.swift in Sources */ = {isa = PBXBuildFile; fileRef = DB2A390721488A770094412E /* WelcomeVC.swift */; };
		DB60765A2148828300999764 /* AppDelegate.swift in Sources */ = {isa = PBXBuildFile; fileRef = DB6076592148828300999764 /* AppDelegate.swift */; };
		DB60765F2148828300999764 /* Main.storyboard in Resources */ = {isa = PBXBuildFile; fileRef = DB60765D2148828300999764 /* Main.storyboard */; };
		DB6076622148828300999764 /* WeatherApp.xcdatamodeld in Sources */ = {isa = PBXBuildFile; fileRef = DB6076602148828300999764 /* WeatherApp.xcdatamodeld */; };
		DB6076642148828600999764 /* Assets.xcassets in Resources */ = {isa = PBXBuildFile; fileRef = DB6076632148828600999764 /* Assets.xcassets */; };
		DB6076672148828600999764 /* LaunchScreen.storyboard in Resources */ = {isa = PBXBuildFile; fileRef = DB6076652148828600999764 /* LaunchScreen.storyboard */; };
		DBD8F2E72149DBA60087464F /* LocationModel.swift in Sources */ = {isa = PBXBuildFile; fileRef = DBD8F2E62149DBA60087464F /* LocationModel.swift */; };
		DBD8F2F7214C376C0087464F /* ForecastTableViewCell.swift in Sources */ = {isa = PBXBuildFile; fileRef = DBD8F2F5214C376C0087464F /* ForecastTableViewCell.swift */; };
		DBD8F2F8214C376C0087464F /* ForecastTableViewCell.xib in Resources */ = {isa = PBXBuildFile; fileRef = DBD8F2F6214C376C0087464F /* ForecastTableViewCell.xib */; };
		DBD8F2FB214C8A780087464F /* WelcomeTableViewCell.swift in Sources */ = {isa = PBXBuildFile; fileRef = DBD8F2F9214C8A780087464F /* WelcomeTableViewCell.swift */; };
		DBD8F2FC214C8A780087464F /* WelcomeTableViewCell.xib in Resources */ = {isa = PBXBuildFile; fileRef = DBD8F2FA214C8A780087464F /* WelcomeTableViewCell.xib */; };
		DBD8F2FE214C8C5B0087464F /* CoreDataManager.swift in Sources */ = {isa = PBXBuildFile; fileRef = DBD8F2FD214C8C5B0087464F /* CoreDataManager.swift */; };
		DBD8F300214C8C7C0087464F /* DarkSkyApiManager.swift in Sources */ = {isa = PBXBuildFile; fileRef = DBD8F2FF214C8C7C0087464F /* DarkSkyApiManager.swift */; };
		DBD8F304214C8CBE0087464F /* NetworkConnection.swift in Sources */ = {isa = PBXBuildFile; fileRef = DBD8F303214C8CBE0087464F /* NetworkConnection.swift */; };
/* End PBXBuildFile section */

/* Begin PBXFileReference section */
		4414F6B5216C434900759D4B /* WeatherDetailHeaderView.swift */ = {isa = PBXFileReference; lastKnownFileType = sourcecode.swift; path = WeatherDetailHeaderView.swift; sourceTree = "<group>"; };
		4414F6B6216C434900759D4B /* WeatherDetailHeaderView.xib */ = {isa = PBXFileReference; lastKnownFileType = file.xib; path = WeatherDetailHeaderView.xib; sourceTree = "<group>"; };
		44F9DDE321547E0400057773 /* Strings.swift */ = {isa = PBXFileReference; lastKnownFileType = sourcecode.swift; path = Strings.swift; sourceTree = "<group>"; };
		DB2A38FE214884A60094412E /* WeatherDetailsVC.swift */ = {isa = PBXFileReference; lastKnownFileType = sourcecode.swift; path = WeatherDetailsVC.swift; sourceTree = "<group>"; };
		DB2A38FF214884A60094412E /* WeatherDetailsVC.xib */ = {isa = PBXFileReference; lastKnownFileType = file.xib; path = WeatherDetailsVC.xib; sourceTree = "<group>"; };
		DB2A3902214884BD0094412E /* SearchVC.swift */ = {isa = PBXFileReference; lastKnownFileType = sourcecode.swift; path = SearchVC.swift; sourceTree = "<group>"; };
		DB2A390721488A770094412E /* WelcomeVC.swift */ = {isa = PBXFileReference; lastKnownFileType = sourcecode.swift; path = WelcomeVC.swift; sourceTree = "<group>"; };
		DB6076562148828300999764 /* WeatherApp.app */ = {isa = PBXFileReference; explicitFileType = wrapper.application; includeInIndex = 0; path = WeatherApp.app; sourceTree = BUILT_PRODUCTS_DIR; };
		DB6076592148828300999764 /* AppDelegate.swift */ = {isa = PBXFileReference; lastKnownFileType = sourcecode.swift; path = AppDelegate.swift; sourceTree = "<group>"; };
		DB60765E2148828300999764 /* Base */ = {isa = PBXFileReference; lastKnownFileType = file.storyboard; name = Base; path = Base.lproj/Main.storyboard; sourceTree = "<group>"; };
		DB6076612148828300999764 /* WeatherApp.xcdatamodel */ = {isa = PBXFileReference; lastKnownFileType = wrapper.xcdatamodel; path = WeatherApp.xcdatamodel; sourceTree = "<group>"; };
		DB6076632148828600999764 /* Assets.xcassets */ = {isa = PBXFileReference; lastKnownFileType = folder.assetcatalog; path = Assets.xcassets; sourceTree = "<group>"; };
		DB6076662148828600999764 /* Base */ = {isa = PBXFileReference; lastKnownFileType = file.storyboard; name = Base; path = Base.lproj/LaunchScreen.storyboard; sourceTree = "<group>"; };
		DB6076682148828600999764 /* Info.plist */ = {isa = PBXFileReference; lastKnownFileType = text.plist.xml; path = Info.plist; sourceTree = "<group>"; };
		DBD8F2E62149DBA60087464F /* LocationModel.swift */ = {isa = PBXFileReference; lastKnownFileType = sourcecode.swift; path = LocationModel.swift; sourceTree = "<group>"; };
		DBD8F2F5214C376C0087464F /* ForecastTableViewCell.swift */ = {isa = PBXFileReference; lastKnownFileType = sourcecode.swift; path = ForecastTableViewCell.swift; sourceTree = "<group>"; };
		DBD8F2F6214C376C0087464F /* ForecastTableViewCell.xib */ = {isa = PBXFileReference; lastKnownFileType = file.xib; path = ForecastTableViewCell.xib; sourceTree = "<group>"; };
		DBD8F2F9214C8A780087464F /* WelcomeTableViewCell.swift */ = {isa = PBXFileReference; lastKnownFileType = sourcecode.swift; path = WelcomeTableViewCell.swift; sourceTree = "<group>"; };
		DBD8F2FA214C8A780087464F /* WelcomeTableViewCell.xib */ = {isa = PBXFileReference; lastKnownFileType = file.xib; path = WelcomeTableViewCell.xib; sourceTree = "<group>"; };
		DBD8F2FD214C8C5B0087464F /* CoreDataManager.swift */ = {isa = PBXFileReference; lastKnownFileType = sourcecode.swift; path = CoreDataManager.swift; sourceTree = "<group>"; };
		DBD8F2FF214C8C7C0087464F /* DarkSkyApiManager.swift */ = {isa = PBXFileReference; lastKnownFileType = sourcecode.swift; path = DarkSkyApiManager.swift; sourceTree = "<group>"; };
		DBD8F303214C8CBE0087464F /* NetworkConnection.swift */ = {isa = PBXFileReference; lastKnownFileType = sourcecode.swift; path = NetworkConnection.swift; sourceTree = "<group>"; };
/* End PBXFileReference section */

/* Begin PBXFrameworksBuildPhase section */
		DB6076532148828300999764 /* Frameworks */ = {
			isa = PBXFrameworksBuildPhase;
			buildActionMask = 2147483647;
			files = (
			);
			runOnlyForDeploymentPostprocessing = 0;
		};
/* End PBXFrameworksBuildPhase section */

/* Begin PBXGroup section */
		44F9DDE221547DEF00057773 /* Utilities */ = {
			isa = PBXGroup;
			children = (
				44F9DDE321547E0400057773 /* Strings.swift */,
			);
			path = Utilities;
			sourceTree = "<group>";
		};
		DB2A3906214884E00094412E /* Models */ = {
			isa = PBXGroup;
			children = (
				DBD8F2E62149DBA60087464F /* LocationModel.swift */,
			);
			path = Models;
			sourceTree = "<group>";
		};
		DB60764D2148828300999764 = {
			isa = PBXGroup;
			children = (
				44F9DDE221547DEF00057773 /* Utilities */,
				DB6076702148832400999764 /* DataServices */,
				DB2A3906214884E00094412E /* Models */,
				DB60766E214882CF00999764 /* ViewControllers */,
				DBD8F2E82149DCE10087464F /* View Cells */,
				DB60766F214882E400999764 /* Storyboards */,
				DB6076582148828300999764 /* SupportFiles */,
				DB6076572148828300999764 /* Products */,
			);
			sourceTree = "<group>";
		};
		DB6076572148828300999764 /* Products */ = {
			isa = PBXGroup;
			children = (
				DB6076562148828300999764 /* WeatherApp.app */,
			);
			name = Products;
			sourceTree = "<group>";
		};
		DB6076582148828300999764 /* SupportFiles */ = {
			isa = PBXGroup;
			children = (
				DB6076592148828300999764 /* AppDelegate.swift */,
				DB6076632148828600999764 /* Assets.xcassets */,
				DB6076682148828600999764 /* Info.plist */,
			);
			path = SupportFiles;
			sourceTree = "<group>";
		};
		DB60766E214882CF00999764 /* ViewControllers */ = {
			isa = PBXGroup;
			children = (
				DB2A38FE214884A60094412E /* WeatherDetailsVC.swift */,
				DB2A38FF214884A60094412E /* WeatherDetailsVC.xib */,
				DB2A3902214884BD0094412E /* SearchVC.swift */,
				DB2A390721488A770094412E /* WelcomeVC.swift */,
			);
			path = ViewControllers;
			sourceTree = "<group>";
		};
		DB60766F214882E400999764 /* Storyboards */ = {
			isa = PBXGroup;
			children = (
				DB60765D2148828300999764 /* Main.storyboard */,
				DB6076652148828600999764 /* LaunchScreen.storyboard */,
			);
			path = Storyboards;
			sourceTree = "<group>";
		};
		DB6076702148832400999764 /* DataServices */ = {
			isa = PBXGroup;
			children = (
				DBD8F2FD214C8C5B0087464F /* CoreDataManager.swift */,
				DBD8F2FF214C8C7C0087464F /* DarkSkyApiManager.swift */,
				DBD8F303214C8CBE0087464F /* NetworkConnection.swift */,
				DB6076602148828300999764 /* WeatherApp.xcdatamodeld */,
			);
			path = DataServices;
			sourceTree = "<group>";
		};
		DBD8F2E82149DCE10087464F /* View Cells */ = {
			isa = PBXGroup;
			children = (
				DBD8F2F5214C376C0087464F /* ForecastTableViewCell.swift */,
				DBD8F2F6214C376C0087464F /* ForecastTableViewCell.xib */,
				DBD8F2F9214C8A780087464F /* WelcomeTableViewCell.swift */,
				DBD8F2FA214C8A780087464F /* WelcomeTableViewCell.xib */,
				4414F6B5216C434900759D4B /* WeatherDetailHeaderView.swift */,
				4414F6B6216C434900759D4B /* WeatherDetailHeaderView.xib */,
			);
			path = "View Cells";
			sourceTree = "<group>";
		};
/* End PBXGroup section */

/* Begin PBXNativeTarget section */
		DB6076552148828300999764 /* WeatherApp */ = {
			isa = PBXNativeTarget;
			buildConfigurationList = DB60766B2148828600999764 /* Build configuration list for PBXNativeTarget "WeatherApp" */;
			buildPhases = (
				DB6076522148828300999764 /* Sources */,
				DB6076532148828300999764 /* Frameworks */,
				DB6076542148828300999764 /* Resources */,
			);
			buildRules = (
			);
			dependencies = (
			);
			name = WeatherApp;
			productName = WeatherApp;
			productReference = DB6076562148828300999764 /* WeatherApp.app */;
			productType = "com.apple.product-type.application";
		};
/* End PBXNativeTarget section */

/* Begin PBXProject section */
		DB60764E2148828300999764 /* Project object */ = {
			isa = PBXProject;
			attributes = {
				LastSwiftUpdateCheck = 0940;
				LastUpgradeCheck = 0940;
				ORGANIZATIONNAME = "Edward L Richardson";
				TargetAttributes = {
					DB6076552148828300999764 = {
						CreatedOnToolsVersion = 9.4.1;
					};
				};
			};
			buildConfigurationList = DB6076512148828300999764 /* Build configuration list for PBXProject "WeatherApp" */;
			compatibilityVersion = "Xcode 9.3";
			developmentRegion = en;
			hasScannedForEncodings = 0;
			knownRegions = (
				en,
				Base,
			);
			mainGroup = DB60764D2148828300999764;
			productRefGroup = DB6076572148828300999764 /* Products */;
			projectDirPath = "";
			projectRoot = "";
			targets = (
				DB6076552148828300999764 /* WeatherApp */,
			);
		};
/* End PBXProject section */

/* Begin PBXResourcesBuildPhase section */
		DB6076542148828300999764 /* Resources */ = {
			isa = PBXResourcesBuildPhase;
			buildActionMask = 2147483647;
			files = (
				DBD8F2FC214C8A780087464F /* WelcomeTableViewCell.xib in Resources */,
				DBD8F2F8214C376C0087464F /* ForecastTableViewCell.xib in Resources */,
				DB6076672148828600999764 /* LaunchScreen.storyboard in Resources */,
				4414F6B8216C434900759D4B /* WeatherDetailHeaderView.xib in Resources */,
				DB6076642148828600999764 /* Assets.xcassets in Resources */,
				DB60765F2148828300999764 /* Main.storyboard in Resources */,
				DB2A3901214884A60094412E /* WeatherDetailsVC.xib in Resources */,
			);
			runOnlyForDeploymentPostprocessing = 0;
		};
/* End PBXResourcesBuildPhase section */

/* Begin PBXSourcesBuildPhase section */
		DB6076522148828300999764 /* Sources */ = {
			isa = PBXSourcesBuildPhase;
			buildActionMask = 2147483647;
			files = (
				DBD8F2F7214C376C0087464F /* ForecastTableViewCell.swift in Sources */,
				DB2A3904214884BD0094412E /* SearchVC.swift in Sources */,
				DBD8F300214C8C7C0087464F /* DarkSkyApiManager.swift in Sources */,
				DB2A390921488A770094412E /* WelcomeVC.swift in Sources */,
				DB2A3900214884A60094412E /* WeatherDetailsVC.swift in Sources */,
				DBD8F2FB214C8A780087464F /* WelcomeTableViewCell.swift in Sources */,
				4414F6B7216C434900759D4B /* WeatherDetailHeaderView.swift in Sources */,
				44F9DDE421547E0400057773 /* Strings.swift in Sources */,
				DB6076622148828300999764 /* WeatherApp.xcdatamodeld in Sources */,
				DBD8F304214C8CBE0087464F /* NetworkConnection.swift in Sources */,
				DBD8F2FE214C8C5B0087464F /* CoreDataManager.swift in Sources */,
				DB60765A2148828300999764 /* AppDelegate.swift in Sources */,
				DBD8F2E72149DBA60087464F /* LocationModel.swift in Sources */,
			);
			runOnlyForDeploymentPostprocessing = 0;
		};
/* End PBXSourcesBuildPhase section */

/* Begin PBXVariantGroup section */
		DB60765D2148828300999764 /* Main.storyboard */ = {
			isa = PBXVariantGroup;
			children = (
				DB60765E2148828300999764 /* Base */,
			);
			name = Main.storyboard;
			sourceTree = "<group>";
		};
		DB6076652148828600999764 /* LaunchScreen.storyboard */ = {
			isa = PBXVariantGroup;
			children = (
				DB6076662148828600999764 /* Base */,
			);
			name = LaunchScreen.storyboard;
			sourceTree = "<group>";
		};
/* End PBXVariantGroup section */

/* Begin XCBuildConfiguration section */
		DB6076692148828600999764 /* Debug */ = {
			isa = XCBuildConfiguration;
			buildSettings = {
				ALWAYS_SEARCH_USER_PATHS = NO;
				CLANG_ANALYZER_NONNULL = YES;
				CLANG_ANALYZER_NUMBER_OBJECT_CONVERSION = YES_AGGRESSIVE;
				CLANG_CXX_LANGUAGE_STANDARD = "gnu++14";
				CLANG_CXX_LIBRARY = "libc++";
				CLANG_ENABLE_MODULES = YES;
				CLANG_ENABLE_OBJC_ARC = YES;
				CLANG_ENABLE_OBJC_WEAK = YES;
				CLANG_WARN_BLOCK_CAPTURE_AUTORELEASING = YES;
				CLANG_WARN_BOOL_CONVERSION = YES;
				CLANG_WARN_COMMA = YES;
				CLANG_WARN_CONSTANT_CONVERSION = YES;
				CLANG_WARN_DEPRECATED_OBJC_IMPLEMENTATIONS = YES;
				CLANG_WARN_DIRECT_OBJC_ISA_USAGE = YES_ERROR;
				CLANG_WARN_DOCUMENTATION_COMMENTS = YES;
				CLANG_WARN_EMPTY_BODY = YES;
				CLANG_WARN_ENUM_CONVERSION = YES;
				CLANG_WARN_INFINITE_RECURSION = YES;
				CLANG_WARN_INT_CONVERSION = YES;
				CLANG_WARN_NON_LITERAL_NULL_CONVERSION = YES;
				CLANG_WARN_OBJC_IMPLICIT_RETAIN_SELF = YES;
				CLANG_WARN_OBJC_LITERAL_CONVERSION = YES;
				CLANG_WARN_OBJC_ROOT_CLASS = YES_ERROR;
				CLANG_WARN_RANGE_LOOP_ANALYSIS = YES;
				CLANG_WARN_STRICT_PROTOTYPES = YES;
				CLANG_WARN_SUSPICIOUS_MOVE = YES;
				CLANG_WARN_UNGUARDED_AVAILABILITY = YES_AGGRESSIVE;
				CLANG_WARN_UNREACHABLE_CODE = YES;
				CLANG_WARN__DUPLICATE_METHOD_MATCH = YES;
				CODE_SIGN_IDENTITY = "iPhone Developer";
				COPY_PHASE_STRIP = NO;
				DEBUG_INFORMATION_FORMAT = dwarf;
				ENABLE_STRICT_OBJC_MSGSEND = YES;
				ENABLE_TESTABILITY = YES;
				GCC_C_LANGUAGE_STANDARD = gnu11;
				GCC_DYNAMIC_NO_PIC = NO;
				GCC_NO_COMMON_BLOCKS = YES;
				GCC_OPTIMIZATION_LEVEL = 0;
				GCC_PREPROCESSOR_DEFINITIONS = (
					"DEBUG=1",
					"$(inherited)",
				);
				GCC_WARN_64_TO_32_BIT_CONVERSION = YES;
				GCC_WARN_ABOUT_RETURN_TYPE = YES_ERROR;
				GCC_WARN_UNDECLARED_SELECTOR = YES;
				GCC_WARN_UNINITIALIZED_AUTOS = YES_AGGRESSIVE;
				GCC_WARN_UNUSED_FUNCTION = YES;
				GCC_WARN_UNUSED_VARIABLE = YES;
				IPHONEOS_DEPLOYMENT_TARGET = 11.4;
				MTL_ENABLE_DEBUG_INFO = YES;
				ONLY_ACTIVE_ARCH = YES;
				SDKROOT = iphoneos;
				SWIFT_ACTIVE_COMPILATION_CONDITIONS = DEBUG;
				SWIFT_OPTIMIZATION_LEVEL = "-Onone";
			};
			name = Debug;
		};
		DB60766A2148828600999764 /* Release */ = {
			isa = XCBuildConfiguration;
			buildSettings = {
				ALWAYS_SEARCH_USER_PATHS = NO;
				CLANG_ANALYZER_NONNULL = YES;
				CLANG_ANALYZER_NUMBER_OBJECT_CONVERSION = YES_AGGRESSIVE;
				CLANG_CXX_LANGUAGE_STANDARD = "gnu++14";
				CLANG_CXX_LIBRARY = "libc++";
				CLANG_ENABLE_MODULES = YES;
				CLANG_ENABLE_OBJC_ARC = YES;
				CLANG_ENABLE_OBJC_WEAK = YES;
				CLANG_WARN_BLOCK_CAPTURE_AUTORELEASING = YES;
				CLANG_WARN_BOOL_CONVERSION = YES;
				CLANG_WARN_COMMA = YES;
				CLANG_WARN_CONSTANT_CONVERSION = YES;
				CLANG_WARN_DEPRECATED_OBJC_IMPLEMENTATIONS = YES;
				CLANG_WARN_DIRECT_OBJC_ISA_USAGE = YES_ERROR;
				CLANG_WARN_DOCUMENTATION_COMMENTS = YES;
				CLANG_WARN_EMPTY_BODY = YES;
				CLANG_WARN_ENUM_CONVERSION = YES;
				CLANG_WARN_INFINITE_RECURSION = YES;
				CLANG_WARN_INT_CONVERSION = YES;
				CLANG_WARN_NON_LITERAL_NULL_CONVERSION = YES;
				CLANG_WARN_OBJC_IMPLICIT_RETAIN_SELF = YES;
				CLANG_WARN_OBJC_LITERAL_CONVERSION = YES;
				CLANG_WARN_OBJC_ROOT_CLASS = YES_ERROR;
				CLANG_WARN_RANGE_LOOP_ANALYSIS = YES;
				CLANG_WARN_STRICT_PROTOTYPES = YES;
				CLANG_WARN_SUSPICIOUS_MOVE = YES;
				CLANG_WARN_UNGUARDED_AVAILABILITY = YES_AGGRESSIVE;
				CLANG_WARN_UNREACHABLE_CODE = YES;
				CLANG_WARN__DUPLICATE_METHOD_MATCH = YES;
				CODE_SIGN_IDENTITY = "iPhone Developer";
				COPY_PHASE_STRIP = NO;
				DEBUG_INFORMATION_FORMAT = "dwarf-with-dsym";
				ENABLE_NS_ASSERTIONS = NO;
				ENABLE_STRICT_OBJC_MSGSEND = YES;
				GCC_C_LANGUAGE_STANDARD = gnu11;
				GCC_NO_COMMON_BLOCKS = YES;
				GCC_WARN_64_TO_32_BIT_CONVERSION = YES;
				GCC_WARN_ABOUT_RETURN_TYPE = YES_ERROR;
				GCC_WARN_UNDECLARED_SELECTOR = YES;
				GCC_WARN_UNINITIALIZED_AUTOS = YES_AGGRESSIVE;
				GCC_WARN_UNUSED_FUNCTION = YES;
				GCC_WARN_UNUSED_VARIABLE = YES;
				IPHONEOS_DEPLOYMENT_TARGET = 11.4;
				MTL_ENABLE_DEBUG_INFO = NO;
				SDKROOT = iphoneos;
				SWIFT_COMPILATION_MODE = wholemodule;
				SWIFT_OPTIMIZATION_LEVEL = "-O";
				VALIDATE_PRODUCT = YES;
			};
			name = Release;
		};
		DB60766C2148828600999764 /* Debug */ = {
			isa = XCBuildConfiguration;
			buildSettings = {
				ASSETCATALOG_COMPILER_APPICON_NAME = AppIcon;
				CODE_SIGN_STYLE = Automatic;
				DEVELOPMENT_TEAM = 9LU9UUFX7L;
				INFOPLIST_FILE = "$(SRCROOT)/SupportFiles/Info.plist";
				LD_RUNPATH_SEARCH_PATHS = (
					"$(inherited)",
					"@executable_path/Frameworks",
				);
				PRODUCT_BUNDLE_IDENTIFIER = com.example.WeatherApp;
				PRODUCT_NAME = "$(TARGET_NAME)";
				SWIFT_VERSION = 4.0;
				TARGETED_DEVICE_FAMILY = "1,2";
			};
			name = Debug;
		};
		DB60766D2148828600999764 /* Release */ = {
			isa = XCBuildConfiguration;
			buildSettings = {
				ASSETCATALOG_COMPILER_APPICON_NAME = AppIcon;
				CODE_SIGN_STYLE = Automatic;
				DEVELOPMENT_TEAM = 9LU9UUFX7L;
				INFOPLIST_FILE = "$(SRCROOT)/SupportFiles/Info.plist";
				LD_RUNPATH_SEARCH_PATHS = (
					"$(inherited)",
					"@executable_path/Frameworks",
				);
				PRODUCT_BUNDLE_IDENTIFIER = com.example.WeatherApp;
				PRODUCT_NAME = "$(TARGET_NAME)";
				SWIFT_VERSION = 4.0;
				TARGETED_DEVICE_FAMILY = "1,2";
			};
			name = Release;
		};
/* End XCBuildConfiguration section */

/* Begin XCConfigurationList section */
		DB6076512148828300999764 /* Build configuration list for PBXProject "WeatherApp" */ = {
			isa = XCConfigurationList;
			buildConfigurations = (
				DB6076692148828600999764 /* Debug */,
				DB60766A2148828600999764 /* Release */,
			);
			defaultConfigurationIsVisible = 0;
			defaultConfigurationName = Release;
		};
		DB60766B2148828600999764 /* Build configuration list for PBXNativeTarget "WeatherApp" */ = {
			isa = XCConfigurationList;
			buildConfigurations = (
				DB60766C2148828600999764 /* Debug */,
				DB60766D2148828600999764 /* Release */,
			);
			defaultConfigurationIsVisible = 0;
			defaultConfigurationName = Release;
		};
/* End XCConfigurationList section */

/* Begin XCVersionGroup section */
		DB6076602148828300999764 /* WeatherApp.xcdatamodeld */ = {
			isa = XCVersionGroup;
			children = (
				DB6076612148828300999764 /* WeatherApp.xcdatamodel */,
			);
			currentVersion = DB6076612148828300999764 /* WeatherApp.xcdatamodel */;
			path = WeatherApp.xcdatamodeld;
			sourceTree = "<group>";
			versionGroupType = wrapper.xcdatamodel;
		};
/* End XCVersionGroup section */
	};
	rootObject = DB60764E2148828300999764 /* Project object */;
}
